// !$*UTF8*$!
{
	archiveVersion = 1;
	classes = {
	};
	objectVersion = 50;
	objects = {

/* Begin PBXBuildFile section */
		310D026621C0817000EA8BA0 /* Ingredients.swift in Sources */ = {isa = PBXBuildFile; fileRef = 310D026521C0817000EA8BA0 /* Ingredients.swift */; };
		310D026921C0821C00EA8BA0 /* IngredientCell.swift in Sources */ = {isa = PBXBuildFile; fileRef = 310D026821C0821C00EA8BA0 /* IngredientCell.swift */; };
		310D026B21C08C5400EA8BA0 /* IngredientAlert.swift in Sources */ = {isa = PBXBuildFile; fileRef = 310D026A21C08C5400EA8BA0 /* IngredientAlert.swift */; };
		310D026F21C0967800EA8BA0 /* Ingredient.swift in Sources */ = {isa = PBXBuildFile; fileRef = 310D026E21C0967800EA8BA0 /* Ingredient.swift */; };
		310D027121C0B0DD00EA8BA0 /* UtensilCell.swift in Sources */ = {isa = PBXBuildFile; fileRef = 310D027021C0B0DD00EA8BA0 /* UtensilCell.swift */; };
		310D027321C0B2A200EA8BA0 /* Utensils.swift in Sources */ = {isa = PBXBuildFile; fileRef = 310D027221C0B2A200EA8BA0 /* Utensils.swift */; };
		310D027521C0B4DF00EA8BA0 /* UtensilAlert.swift in Sources */ = {isa = PBXBuildFile; fileRef = 310D027421C0B4DF00EA8BA0 /* UtensilAlert.swift */; };
		310D027721C1F29B00EA8BA0 /* ImageHelper.swift in Sources */ = {isa = PBXBuildFile; fileRef = 310D027621C1F29B00EA8BA0 /* ImageHelper.swift */; };
		310D027921C1FB2A00EA8BA0 /* Photos.swift in Sources */ = {isa = PBXBuildFile; fileRef = 310D027821C1FB2A00EA8BA0 /* Photos.swift */; };
		310D027B21C1FEFE00EA8BA0 /* PhotoCell.swift in Sources */ = {isa = PBXBuildFile; fileRef = 310D027A21C1FEFE00EA8BA0 /* PhotoCell.swift */; };
		310D027D21C32F0F00EA8BA0 /* InstructionCell.swift in Sources */ = {isa = PBXBuildFile; fileRef = 310D027C21C32F0F00EA8BA0 /* InstructionCell.swift */; };
		310D027F21C32F3100EA8BA0 /* InstructionIngredientCell.swift in Sources */ = {isa = PBXBuildFile; fileRef = 310D027E21C32F3100EA8BA0 /* InstructionIngredientCell.swift */; };
		310D028121C3302300EA8BA0 /* Instructions.swift in Sources */ = {isa = PBXBuildFile; fileRef = 310D028021C3302300EA8BA0 /* Instructions.swift */; };
		310D028321C34A3B00EA8BA0 /* InstructionAlert.swift in Sources */ = {isa = PBXBuildFile; fileRef = 310D028221C34A3B00EA8BA0 /* InstructionAlert.swift */; };
		310D028721D1A0D700EA8BA0 /* Instruction.swift in Sources */ = {isa = PBXBuildFile; fileRef = 310D028621D1A0D700EA8BA0 /* Instruction.swift */; };
		310D30D521B74DE200D0E079 /* AppDelegate.swift in Sources */ = {isa = PBXBuildFile; fileRef = 310D30D421B74DE200D0E079 /* AppDelegate.swift */; };
		310D30D721B74DE200D0E079 /* Login.swift in Sources */ = {isa = PBXBuildFile; fileRef = 310D30D621B74DE200D0E079 /* Login.swift */; };
		310D30DA21B74DE200D0E079 /* Main.storyboard in Resources */ = {isa = PBXBuildFile; fileRef = 310D30D821B74DE200D0E079 /* Main.storyboard */; };
		310D30DD21B74DE300D0E079 /* MealPrepr.xcdatamodeld in Sources */ = {isa = PBXBuildFile; fileRef = 310D30DB21B74DE300D0E079 /* MealPrepr.xcdatamodeld */; };
		310D30DF21B74DE300D0E079 /* Assets.xcassets in Resources */ = {isa = PBXBuildFile; fileRef = 310D30DE21B74DE300D0E079 /* Assets.xcassets */; };
		310D30E221B74DE300D0E079 /* LaunchScreen.storyboard in Resources */ = {isa = PBXBuildFile; fileRef = 310D30E021B74DE300D0E079 /* LaunchScreen.storyboard */; };
		310D30ED21B74DE300D0E079 /* MealPreprTests.swift in Sources */ = {isa = PBXBuildFile; fileRef = 310D30EC21B74DE300D0E079 /* MealPreprTests.swift */; };
		310D30F821B74FD900D0E079 /* RoundedUIView.swift in Sources */ = {isa = PBXBuildFile; fileRef = 310D30F721B74FD900D0E079 /* RoundedUIView.swift */; };
		310D30FB21B757E000D0E079 /* GoogleService-Info.plist in Resources */ = {isa = PBXBuildFile; fileRef = 310D30FA21B757E000D0E079 /* GoogleService-Info.plist */; };
		310D30FE21B7618A00D0E079 /* ValidationHelper.swift in Sources */ = {isa = PBXBuildFile; fileRef = 310D30FD21B7618A00D0E079 /* ValidationHelper.swift */; };
		310D310021B7620500D0E079 /* ErrorHelper.swift in Sources */ = {isa = PBXBuildFile; fileRef = 310D30FF21B7620500D0E079 /* ErrorHelper.swift */; };
		310D310221B772E800D0E079 /* MPTextField.swift in Sources */ = {isa = PBXBuildFile; fileRef = 310D310121B772E800D0E079 /* MPTextField.swift */; };
		312F5A2621BA2A6E0017B534 /* MPAlertController.swift in Sources */ = {isa = PBXBuildFile; fileRef = 312F5A2521BA2A6E0017B534 /* MPAlertController.swift */; };
		312F5A2821BB47E20017B534 /* FirebaseHelper.swift in Sources */ = {isa = PBXBuildFile; fileRef = 312F5A2721BB47E20017B534 /* FirebaseHelper.swift */; };
		312F5A2A21BB4ED60017B534 /* Account.swift in Sources */ = {isa = PBXBuildFile; fileRef = 312F5A2921BB4ED60017B534 /* Account.swift */; };
		312F5A2C21BC36010017B534 /* HomeNavigationController.swift in Sources */ = {isa = PBXBuildFile; fileRef = 312F5A2B21BC36010017B534 /* HomeNavigationController.swift */; };
		312F5A2E21BC36180017B534 /* HomeTabBarController.swift in Sources */ = {isa = PBXBuildFile; fileRef = 312F5A2D21BC36180017B534 /* HomeTabBarController.swift */; };
		312F5A3021BC417A0017B534 /* MPTabBarController.swift in Sources */ = {isa = PBXBuildFile; fileRef = 312F5A2F21BC417A0017B534 /* MPTabBarController.swift */; };
		312F5A3221BC41980017B534 /* MPNavigationController.swift in Sources */ = {isa = PBXBuildFile; fileRef = 312F5A3121BC41980017B534 /* MPNavigationController.swift */; };
		312F5A3421BC41A90017B534 /* MPViewController.swift in Sources */ = {isa = PBXBuildFile; fileRef = 312F5A3321BC41A90017B534 /* MPViewController.swift */; };
		312F5A3621BC447D0017B534 /* AdminNavigationViewController.swift in Sources */ = {isa = PBXBuildFile; fileRef = 312F5A3521BC447D0017B534 /* AdminNavigationViewController.swift */; };
		312F5A3821BC51120017B534 /* Home.swift in Sources */ = {isa = PBXBuildFile; fileRef = 312F5A3721BC51120017B534 /* Home.swift */; };
		312F5A3A21BC511F0017B534 /* Admin.swift in Sources */ = {isa = PBXBuildFile; fileRef = 312F5A3921BC511F0017B534 /* Admin.swift */; };
		313088B221FFDEBF0088AA5B /* RecipeDetailsDelegate.swift in Sources */ = {isa = PBXBuildFile; fileRef = 313088B121FFDEBF0088AA5B /* RecipeDetailsDelegate.swift */; };
		313088B4220126FE0088AA5B /* Settings.swift in Sources */ = {isa = PBXBuildFile; fileRef = 313088B3220126FE0088AA5B /* Settings.swift */; };
		313088B6220291F30088AA5B /* ChangeAccountInfoAlert.swift in Sources */ = {isa = PBXBuildFile; fileRef = 313088B5220291F30088AA5B /* ChangeAccountInfoAlert.swift */; };
		3132F9BB21FD15CC00D02EDE /* AlertDelegate.swift in Sources */ = {isa = PBXBuildFile; fileRef = 3132F9BA21FD15CC00D02EDE /* AlertDelegate.swift */; };
		31611AE621FD64EB00789B2F /* UsernameAlert.swift in Sources */ = {isa = PBXBuildFile; fileRef = 31611AE521FD64EB00789B2F /* UsernameAlert.swift */; };
		31611AE821FD786F00789B2F /* CategoriesNavigationController.swift in Sources */ = {isa = PBXBuildFile; fileRef = 31611AE721FD786F00789B2F /* CategoriesNavigationController.swift */; };
		3171CAEB21BCC4400026CC18 /* HomeRecipesCell.swift in Sources */ = {isa = PBXBuildFile; fileRef = 3171CAEA21BCC4400026CC18 /* HomeRecipesCell.swift */; };
		3171CAEE21BCCF3E0026CC18 /* MPCollectionView.swift in Sources */ = {isa = PBXBuildFile; fileRef = 3171CAED21BCCF3E0026CC18 /* MPCollectionView.swift */; };
		3171CAF021BF562B0026CC18 /* CreateRecipe.swift in Sources */ = {isa = PBXBuildFile; fileRef = 3171CAEF21BF562B0026CC18 /* CreateRecipe.swift */; };
		3188551D22062B6100BA6A93 /* Weekplan.storyboard in Resources */ = {isa = PBXBuildFile; fileRef = 3188551C22062B6100BA6A93 /* Weekplan.storyboard */; };
		3188551F22062BAA00BA6A93 /* Settings.storyboard in Resources */ = {isa = PBXBuildFile; fileRef = 3188551E22062BAA00BA6A93 /* Settings.storyboard */; };
		3188552122062BE900BA6A93 /* Categories.storyboard in Resources */ = {isa = PBXBuildFile; fileRef = 3188552022062BE900BA6A93 /* Categories.storyboard */; };
		3188552322062C2B00BA6A93 /* Home.storyboard in Resources */ = {isa = PBXBuildFile; fileRef = 3188552222062C2B00BA6A93 /* Home.storyboard */; };
		3188552522062CBD00BA6A93 /* CreateRecipe.storyboard in Resources */ = {isa = PBXBuildFile; fileRef = 3188552422062CBD00BA6A93 /* CreateRecipe.storyboard */; };
		3188552722062D3F00BA6A93 /* RecipeDetails.storyboard in Resources */ = {isa = PBXBuildFile; fileRef = 3188552622062D3F00BA6A93 /* RecipeDetails.storyboard */; };
		3188552B220635A900BA6A93 /* Weekplan.swift in Sources */ = {isa = PBXBuildFile; fileRef = 3188552A220635A900BA6A93 /* Weekplan.swift */; };
		3188552D22063CF100BA6A93 /* WeekplanRecipeCell.swift in Sources */ = {isa = PBXBuildFile; fileRef = 3188552C22063CF100BA6A93 /* WeekplanRecipeCell.swift */; };
		3188552F2206795100BA6A93 /* Reachability.swift in Sources */ = {isa = PBXBuildFile; fileRef = 3188552E2206795100BA6A93 /* Reachability.swift */; };
		318855312206AE0F00BA6A93 /* ConnectionErrorView.swift in Sources */ = {isa = PBXBuildFile; fileRef = 318855302206AE0F00BA6A93 /* ConnectionErrorView.swift */; };
		318855332206AFF200BA6A93 /* ConnectionErrorViewDelegate.swift in Sources */ = {isa = PBXBuildFile; fileRef = 318855322206AFF200BA6A93 /* ConnectionErrorViewDelegate.swift */; };
		318DCF6521F7F28300BE33D1 /* CategorySelectorDelegate.swift in Sources */ = {isa = PBXBuildFile; fileRef = 318DCF6421F7F28300BE33D1 /* CategorySelectorDelegate.swift */; };
		3193138E21EC150800DBF55B /* DateExtensions.swift in Sources */ = {isa = PBXBuildFile; fileRef = 3193138D21EC150800DBF55B /* DateExtensions.swift */; };
		3193139021ED66A600DBF55B /* Categories.swift in Sources */ = {isa = PBXBuildFile; fileRef = 3193138F21ED66A600DBF55B /* Categories.swift */; };
		3193139321ED682700DBF55B /* CategoryAlert.swift in Sources */ = {isa = PBXBuildFile; fileRef = 3193139221ED682700DBF55B /* CategoryAlert.swift */; };
		31B9572521E0789D00D15CCD /* RecipeDelegate.swift in Sources */ = {isa = PBXBuildFile; fileRef = 31B9572421E0789D00D15CCD /* RecipeDelegate.swift */; };
		31B9572721E120AC00D15CCD /* Loading.swift in Sources */ = {isa = PBXBuildFile; fileRef = 31B9572621E120AC00D15CCD /* Loading.swift */; };
		31B9572921E1351A00D15CCD /* PhotoCellDelegate.swift in Sources */ = {isa = PBXBuildFile; fileRef = 31B9572821E1351A00D15CCD /* PhotoCellDelegate.swift */; };
		31B9572B21E2755D00D15CCD /* RecipeDetails.swift in Sources */ = {isa = PBXBuildFile; fileRef = 31B9572A21E2755D00D15CCD /* RecipeDetails.swift */; };
		31B9572D21E6FBF000D15CCD /* Utensil.swift in Sources */ = {isa = PBXBuildFile; fileRef = 31B9572C21E6FBF000D15CCD /* Utensil.swift */; };
		31B9572F21E6FEBC00D15CCD /* UtensilDelegate.swift in Sources */ = {isa = PBXBuildFile; fileRef = 31B9572E21E6FEBC00D15CCD /* UtensilDelegate.swift */; };
		31B9573121EA479C00D15CCD /* MPCreateRecipeChildController.swift in Sources */ = {isa = PBXBuildFile; fileRef = 31B9573021EA479C00D15CCD /* MPCreateRecipeChildController.swift */; };
		31CA29FC21B9F4E500C8BF35 /* SignUp.swift in Sources */ = {isa = PBXBuildFile; fileRef = 31CA29FB21B9F4E500C8BF35 /* SignUp.swift */; };
		31D8093E21B8BECB00555CBE /* MPTextFieldDelegate.swift in Sources */ = {isa = PBXBuildFile; fileRef = 31D8093D21B8BECB00555CBE /* MPTextFieldDelegate.swift */; };
		31D8094121B8C63700555CBE /* Phosphate.ttc in Resources */ = {isa = PBXBuildFile; fileRef = 31D8094021B8C63700555CBE /* Phosphate.ttc */; };
		31D8094321B8C81E00555CBE /* Nadeem.ttc in Resources */ = {isa = PBXBuildFile; fileRef = 31D8094221B8C81E00555CBE /* Nadeem.ttc */; };
		31DD2FE321D7DEAD00AE8974 /* InstructionCellDelegate.swift in Sources */ = {isa = PBXBuildFile; fileRef = 31DD2FE221D7DEAD00AE8974 /* InstructionCellDelegate.swift */; };
		31DD2FE521D7EDC800AE8974 /* RecipeHelper.swift in Sources */ = {isa = PBXBuildFile; fileRef = 31DD2FE421D7EDC800AE8974 /* RecipeHelper.swift */; };
		31DD2FE721DADA0A00AE8974 /* Recipe.swift in Sources */ = {isa = PBXBuildFile; fileRef = 31DD2FE621DADA0A00AE8974 /* Recipe.swift */; };
		31FAEAE721EEC459004D006E /* CategoryCell.swift in Sources */ = {isa = PBXBuildFile; fileRef = 31FAEAE621EEC459004D006E /* CategoryCell.swift */; };
		31FAEAEA21EEC5BF004D006E /* CategorySelector.swift in Sources */ = {isa = PBXBuildFile; fileRef = 31FAEAE921EEC5BF004D006E /* CategorySelector.swift */; };
		4B29C891FBA5ADE1D7FBF6BD /* Pods_MealPrepr.framework in Frameworks */ = {isa = PBXBuildFile; fileRef = 4500E2A716BEF8E51C4B45AC /* Pods_MealPrepr.framework */; };
		FF5B7C81D5B545A2F2BE0E7E /* Pods_MealPreprTests.framework in Frameworks */ = {isa = PBXBuildFile; fileRef = C8006E7BC70F749F252CD1ED /* Pods_MealPreprTests.framework */; };
/* End PBXBuildFile section */

/* Begin PBXContainerItemProxy section */
		310D30E921B74DE300D0E079 /* PBXContainerItemProxy */ = {
			isa = PBXContainerItemProxy;
			containerPortal = 310D30C921B74DE200D0E079 /* Project object */;
			proxyType = 1;
			remoteGlobalIDString = 310D30D021B74DE200D0E079;
			remoteInfo = MealPrepr;
		};
/* End PBXContainerItemProxy section */

/* Begin PBXFileReference section */
		1B15E1F370FDDA838579A52F /* Pods-MealPrepr.debug.xcconfig */ = {isa = PBXFileReference; includeInIndex = 1; lastKnownFileType = text.xcconfig; name = "Pods-MealPrepr.debug.xcconfig"; path = "Pods/Target Support Files/Pods-MealPrepr/Pods-MealPrepr.debug.xcconfig"; sourceTree = "<group>"; };
		310D026521C0817000EA8BA0 /* Ingredients.swift */ = {isa = PBXFileReference; lastKnownFileType = sourcecode.swift; path = Ingredients.swift; sourceTree = "<group>"; };
		310D026821C0821C00EA8BA0 /* IngredientCell.swift */ = {isa = PBXFileReference; lastKnownFileType = sourcecode.swift; path = IngredientCell.swift; sourceTree = "<group>"; };
		310D026A21C08C5400EA8BA0 /* IngredientAlert.swift */ = {isa = PBXFileReference; lastKnownFileType = sourcecode.swift; path = IngredientAlert.swift; sourceTree = "<group>"; };
		310D026E21C0967800EA8BA0 /* Ingredient.swift */ = {isa = PBXFileReference; lastKnownFileType = sourcecode.swift; path = Ingredient.swift; sourceTree = "<group>"; };
		310D027021C0B0DD00EA8BA0 /* UtensilCell.swift */ = {isa = PBXFileReference; lastKnownFileType = sourcecode.swift; path = UtensilCell.swift; sourceTree = "<group>"; };
		310D027221C0B2A200EA8BA0 /* Utensils.swift */ = {isa = PBXFileReference; lastKnownFileType = sourcecode.swift; path = Utensils.swift; sourceTree = "<group>"; };
		310D027421C0B4DF00EA8BA0 /* UtensilAlert.swift */ = {isa = PBXFileReference; lastKnownFileType = sourcecode.swift; path = UtensilAlert.swift; sourceTree = "<group>"; };
		310D027621C1F29B00EA8BA0 /* ImageHelper.swift */ = {isa = PBXFileReference; lastKnownFileType = sourcecode.swift; path = ImageHelper.swift; sourceTree = "<group>"; };
		310D027821C1FB2A00EA8BA0 /* Photos.swift */ = {isa = PBXFileReference; lastKnownFileType = sourcecode.swift; path = Photos.swift; sourceTree = "<group>"; };
		310D027A21C1FEFE00EA8BA0 /* PhotoCell.swift */ = {isa = PBXFileReference; lastKnownFileType = sourcecode.swift; path = PhotoCell.swift; sourceTree = "<group>"; };
		310D027C21C32F0F00EA8BA0 /* InstructionCell.swift */ = {isa = PBXFileReference; lastKnownFileType = sourcecode.swift; path = InstructionCell.swift; sourceTree = "<group>"; };
		310D027E21C32F3100EA8BA0 /* InstructionIngredientCell.swift */ = {isa = PBXFileReference; lastKnownFileType = sourcecode.swift; path = InstructionIngredientCell.swift; sourceTree = "<group>"; };
		310D028021C3302300EA8BA0 /* Instructions.swift */ = {isa = PBXFileReference; lastKnownFileType = sourcecode.swift; path = Instructions.swift; sourceTree = "<group>"; };
		310D028221C34A3B00EA8BA0 /* InstructionAlert.swift */ = {isa = PBXFileReference; lastKnownFileType = sourcecode.swift; path = InstructionAlert.swift; sourceTree = "<group>"; };
		310D028621D1A0D700EA8BA0 /* Instruction.swift */ = {isa = PBXFileReference; lastKnownFileType = sourcecode.swift; path = Instruction.swift; sourceTree = "<group>"; };
		310D30D121B74DE200D0E079 /* MealPrepr.app */ = {isa = PBXFileReference; explicitFileType = wrapper.application; includeInIndex = 0; path = MealPrepr.app; sourceTree = BUILT_PRODUCTS_DIR; };
		310D30D421B74DE200D0E079 /* AppDelegate.swift */ = {isa = PBXFileReference; lastKnownFileType = sourcecode.swift; path = AppDelegate.swift; sourceTree = "<group>"; };
		310D30D621B74DE200D0E079 /* Login.swift */ = {isa = PBXFileReference; lastKnownFileType = sourcecode.swift; path = Login.swift; sourceTree = "<group>"; };
		310D30D921B74DE200D0E079 /* Base */ = {isa = PBXFileReference; lastKnownFileType = file.storyboard; name = Base; path = Base.lproj/Main.storyboard; sourceTree = "<group>"; };
		310D30DC21B74DE300D0E079 /* MealPrepr.xcdatamodel */ = {isa = PBXFileReference; lastKnownFileType = wrapper.xcdatamodel; path = MealPrepr.xcdatamodel; sourceTree = "<group>"; };
		310D30DE21B74DE300D0E079 /* Assets.xcassets */ = {isa = PBXFileReference; lastKnownFileType = folder.assetcatalog; path = Assets.xcassets; sourceTree = "<group>"; };
		310D30E121B74DE300D0E079 /* Base */ = {isa = PBXFileReference; lastKnownFileType = file.storyboard; name = Base; path = Base.lproj/LaunchScreen.storyboard; sourceTree = "<group>"; };
		310D30E321B74DE300D0E079 /* Info.plist */ = {isa = PBXFileReference; lastKnownFileType = text.plist.xml; path = Info.plist; sourceTree = "<group>"; };
		310D30E821B74DE300D0E079 /* MealPreprTests.xctest */ = {isa = PBXFileReference; explicitFileType = wrapper.cfbundle; includeInIndex = 0; path = MealPreprTests.xctest; sourceTree = BUILT_PRODUCTS_DIR; };
		310D30EC21B74DE300D0E079 /* MealPreprTests.swift */ = {isa = PBXFileReference; lastKnownFileType = sourcecode.swift; path = MealPreprTests.swift; sourceTree = "<group>"; };
		310D30EE21B74DE300D0E079 /* Info.plist */ = {isa = PBXFileReference; lastKnownFileType = text.plist.xml; path = Info.plist; sourceTree = "<group>"; };
		310D30F721B74FD900D0E079 /* RoundedUIView.swift */ = {isa = PBXFileReference; lastKnownFileType = sourcecode.swift; path = RoundedUIView.swift; sourceTree = "<group>"; };
		310D30FA21B757E000D0E079 /* GoogleService-Info.plist */ = {isa = PBXFileReference; fileEncoding = 4; lastKnownFileType = text.plist.xml; path = "GoogleService-Info.plist"; sourceTree = "<group>"; };
		310D30FD21B7618A00D0E079 /* ValidationHelper.swift */ = {isa = PBXFileReference; lastKnownFileType = sourcecode.swift; path = ValidationHelper.swift; sourceTree = "<group>"; };
		310D30FF21B7620500D0E079 /* ErrorHelper.swift */ = {isa = PBXFileReference; lastKnownFileType = sourcecode.swift; path = ErrorHelper.swift; sourceTree = "<group>"; };
		310D310121B772E800D0E079 /* MPTextField.swift */ = {isa = PBXFileReference; lastKnownFileType = sourcecode.swift; path = MPTextField.swift; sourceTree = "<group>"; };
		312F5A2521BA2A6E0017B534 /* MPAlertController.swift */ = {isa = PBXFileReference; lastKnownFileType = sourcecode.swift; path = MPAlertController.swift; sourceTree = "<group>"; };
		312F5A2721BB47E20017B534 /* FirebaseHelper.swift */ = {isa = PBXFileReference; lastKnownFileType = sourcecode.swift; path = FirebaseHelper.swift; sourceTree = "<group>"; };
		312F5A2921BB4ED60017B534 /* Account.swift */ = {isa = PBXFileReference; lastKnownFileType = sourcecode.swift; path = Account.swift; sourceTree = "<group>"; };
		312F5A2B21BC36010017B534 /* HomeNavigationController.swift */ = {isa = PBXFileReference; lastKnownFileType = sourcecode.swift; path = HomeNavigationController.swift; sourceTree = "<group>"; };
		312F5A2D21BC36180017B534 /* HomeTabBarController.swift */ = {isa = PBXFileReference; lastKnownFileType = sourcecode.swift; path = HomeTabBarController.swift; sourceTree = "<group>"; };
		312F5A2F21BC417A0017B534 /* MPTabBarController.swift */ = {isa = PBXFileReference; lastKnownFileType = sourcecode.swift; path = MPTabBarController.swift; sourceTree = "<group>"; };
		312F5A3121BC41980017B534 /* MPNavigationController.swift */ = {isa = PBXFileReference; lastKnownFileType = sourcecode.swift; path = MPNavigationController.swift; sourceTree = "<group>"; };
		312F5A3321BC41A90017B534 /* MPViewController.swift */ = {isa = PBXFileReference; lastKnownFileType = sourcecode.swift; path = MPViewController.swift; sourceTree = "<group>"; };
		312F5A3521BC447D0017B534 /* AdminNavigationViewController.swift */ = {isa = PBXFileReference; lastKnownFileType = sourcecode.swift; path = AdminNavigationViewController.swift; sourceTree = "<group>"; };
		312F5A3721BC51120017B534 /* Home.swift */ = {isa = PBXFileReference; lastKnownFileType = sourcecode.swift; path = Home.swift; sourceTree = "<group>"; };
		312F5A3921BC511F0017B534 /* Admin.swift */ = {isa = PBXFileReference; lastKnownFileType = sourcecode.swift; path = Admin.swift; sourceTree = "<group>"; };
		313088B121FFDEBF0088AA5B /* RecipeDetailsDelegate.swift */ = {isa = PBXFileReference; lastKnownFileType = sourcecode.swift; path = RecipeDetailsDelegate.swift; sourceTree = "<group>"; };
		313088B3220126FE0088AA5B /* Settings.swift */ = {isa = PBXFileReference; lastKnownFileType = sourcecode.swift; path = Settings.swift; sourceTree = "<group>"; };
		313088B5220291F30088AA5B /* ChangeAccountInfoAlert.swift */ = {isa = PBXFileReference; lastKnownFileType = sourcecode.swift; path = ChangeAccountInfoAlert.swift; sourceTree = "<group>"; };
		3132F9BA21FD15CC00D02EDE /* AlertDelegate.swift */ = {isa = PBXFileReference; lastKnownFileType = sourcecode.swift; path = AlertDelegate.swift; sourceTree = "<group>"; };
		31611AE521FD64EB00789B2F /* UsernameAlert.swift */ = {isa = PBXFileReference; lastKnownFileType = sourcecode.swift; path = UsernameAlert.swift; sourceTree = "<group>"; };
		31611AE721FD786F00789B2F /* CategoriesNavigationController.swift */ = {isa = PBXFileReference; lastKnownFileType = sourcecode.swift; path = CategoriesNavigationController.swift; sourceTree = "<group>"; };
		3171CAEA21BCC4400026CC18 /* HomeRecipesCell.swift */ = {isa = PBXFileReference; lastKnownFileType = sourcecode.swift; path = HomeRecipesCell.swift; sourceTree = "<group>"; };
		3171CAED21BCCF3E0026CC18 /* MPCollectionView.swift */ = {isa = PBXFileReference; lastKnownFileType = sourcecode.swift; path = MPCollectionView.swift; sourceTree = "<group>"; };
		3171CAEF21BF562B0026CC18 /* CreateRecipe.swift */ = {isa = PBXFileReference; lastKnownFileType = sourcecode.swift; path = CreateRecipe.swift; sourceTree = "<group>"; };
		3188551C22062B6100BA6A93 /* Weekplan.storyboard */ = {isa = PBXFileReference; fileEncoding = 4; lastKnownFileType = file.storyboard; path = Weekplan.storyboard; sourceTree = "<group>"; };
		3188551E22062BAA00BA6A93 /* Settings.storyboard */ = {isa = PBXFileReference; fileEncoding = 4; lastKnownFileType = file.storyboard; path = Settings.storyboard; sourceTree = "<group>"; };
		3188552022062BE900BA6A93 /* Categories.storyboard */ = {isa = PBXFileReference; fileEncoding = 4; lastKnownFileType = file.storyboard; path = Categories.storyboard; sourceTree = "<group>"; };
		3188552222062C2B00BA6A93 /* Home.storyboard */ = {isa = PBXFileReference; fileEncoding = 4; lastKnownFileType = file.storyboard; path = Home.storyboard; sourceTree = "<group>"; };
		3188552422062CBD00BA6A93 /* CreateRecipe.storyboard */ = {isa = PBXFileReference; fileEncoding = 4; lastKnownFileType = file.storyboard; path = CreateRecipe.storyboard; sourceTree = "<group>"; };
		3188552622062D3F00BA6A93 /* RecipeDetails.storyboard */ = {isa = PBXFileReference; fileEncoding = 4; lastKnownFileType = file.storyboard; path = RecipeDetails.storyboard; sourceTree = "<group>"; };
		3188552A220635A900BA6A93 /* Weekplan.swift */ = {isa = PBXFileReference; lastKnownFileType = sourcecode.swift; path = Weekplan.swift; sourceTree = "<group>"; };
		3188552C22063CF100BA6A93 /* WeekplanRecipeCell.swift */ = {isa = PBXFileReference; lastKnownFileType = sourcecode.swift; path = WeekplanRecipeCell.swift; sourceTree = "<group>"; };
		3188552E2206795100BA6A93 /* Reachability.swift */ = {isa = PBXFileReference; lastKnownFileType = sourcecode.swift; path = Reachability.swift; sourceTree = "<group>"; };
		318855302206AE0F00BA6A93 /* ConnectionErrorView.swift */ = {isa = PBXFileReference; lastKnownFileType = sourcecode.swift; path = ConnectionErrorView.swift; sourceTree = "<group>"; };
		318855322206AFF200BA6A93 /* ConnectionErrorViewDelegate.swift */ = {isa = PBXFileReference; lastKnownFileType = sourcecode.swift; path = ConnectionErrorViewDelegate.swift; sourceTree = "<group>"; };
		318DCF6421F7F28300BE33D1 /* CategorySelectorDelegate.swift */ = {isa = PBXFileReference; lastKnownFileType = sourcecode.swift; path = CategorySelectorDelegate.swift; sourceTree = "<group>"; };
		3193138D21EC150800DBF55B /* DateExtensions.swift */ = {isa = PBXFileReference; lastKnownFileType = sourcecode.swift; path = DateExtensions.swift; sourceTree = "<group>"; };
		3193138F21ED66A600DBF55B /* Categories.swift */ = {isa = PBXFileReference; lastKnownFileType = sourcecode.swift; path = Categories.swift; sourceTree = "<group>"; };
		3193139221ED682700DBF55B /* CategoryAlert.swift */ = {isa = PBXFileReference; lastKnownFileType = sourcecode.swift; path = CategoryAlert.swift; sourceTree = "<group>"; };
		31B9572421E0789D00D15CCD /* RecipeDelegate.swift */ = {isa = PBXFileReference; lastKnownFileType = sourcecode.swift; path = RecipeDelegate.swift; sourceTree = "<group>"; };
		31B9572621E120AC00D15CCD /* Loading.swift */ = {isa = PBXFileReference; lastKnownFileType = sourcecode.swift; path = Loading.swift; sourceTree = "<group>"; };
		31B9572821E1351A00D15CCD /* PhotoCellDelegate.swift */ = {isa = PBXFileReference; lastKnownFileType = sourcecode.swift; path = PhotoCellDelegate.swift; sourceTree = "<group>"; };
		31B9572A21E2755D00D15CCD /* RecipeDetails.swift */ = {isa = PBXFileReference; lastKnownFileType = sourcecode.swift; path = RecipeDetails.swift; sourceTree = "<group>"; };
		31B9572C21E6FBF000D15CCD /* Utensil.swift */ = {isa = PBXFileReference; lastKnownFileType = sourcecode.swift; path = Utensil.swift; sourceTree = "<group>"; };
		31B9572E21E6FEBC00D15CCD /* UtensilDelegate.swift */ = {isa = PBXFileReference; lastKnownFileType = sourcecode.swift; path = UtensilDelegate.swift; sourceTree = "<group>"; };
		31B9573021EA479C00D15CCD /* MPCreateRecipeChildController.swift */ = {isa = PBXFileReference; lastKnownFileType = sourcecode.swift; path = MPCreateRecipeChildController.swift; sourceTree = "<group>"; };
		31CA29FB21B9F4E500C8BF35 /* SignUp.swift */ = {isa = PBXFileReference; lastKnownFileType = sourcecode.swift; path = SignUp.swift; sourceTree = "<group>"; };
		31D8093D21B8BECB00555CBE /* MPTextFieldDelegate.swift */ = {isa = PBXFileReference; lastKnownFileType = sourcecode.swift; path = MPTextFieldDelegate.swift; sourceTree = "<group>"; };
		31D8094021B8C63700555CBE /* Phosphate.ttc */ = {isa = PBXFileReference; lastKnownFileType = file; path = Phosphate.ttc; sourceTree = "<group>"; };
		31D8094221B8C81E00555CBE /* Nadeem.ttc */ = {isa = PBXFileReference; lastKnownFileType = file; path = Nadeem.ttc; sourceTree = "<group>"; };
		31DD2FE221D7DEAD00AE8974 /* InstructionCellDelegate.swift */ = {isa = PBXFileReference; lastKnownFileType = sourcecode.swift; path = InstructionCellDelegate.swift; sourceTree = "<group>"; };
		31DD2FE421D7EDC800AE8974 /* RecipeHelper.swift */ = {isa = PBXFileReference; lastKnownFileType = sourcecode.swift; path = RecipeHelper.swift; sourceTree = "<group>"; };
		31DD2FE621DADA0A00AE8974 /* Recipe.swift */ = {isa = PBXFileReference; lastKnownFileType = sourcecode.swift; path = Recipe.swift; sourceTree = "<group>"; };
		31FAEAE621EEC459004D006E /* CategoryCell.swift */ = {isa = PBXFileReference; lastKnownFileType = sourcecode.swift; path = CategoryCell.swift; sourceTree = "<group>"; };
		31FAEAE921EEC5BF004D006E /* CategorySelector.swift */ = {isa = PBXFileReference; lastKnownFileType = sourcecode.swift; path = CategorySelector.swift; sourceTree = "<group>"; };
		4500E2A716BEF8E51C4B45AC /* Pods_MealPrepr.framework */ = {isa = PBXFileReference; explicitFileType = wrapper.framework; includeInIndex = 0; path = Pods_MealPrepr.framework; sourceTree = BUILT_PRODUCTS_DIR; };
		4673EC337F19E9FD24459B69 /* Pods-MealPreprTests.release.xcconfig */ = {isa = PBXFileReference; includeInIndex = 1; lastKnownFileType = text.xcconfig; name = "Pods-MealPreprTests.release.xcconfig"; path = "Pods/Target Support Files/Pods-MealPreprTests/Pods-MealPreprTests.release.xcconfig"; sourceTree = "<group>"; };
		C8006E7BC70F749F252CD1ED /* Pods_MealPreprTests.framework */ = {isa = PBXFileReference; explicitFileType = wrapper.framework; includeInIndex = 0; path = Pods_MealPreprTests.framework; sourceTree = BUILT_PRODUCTS_DIR; };
		F1AC254A2FA23E902C5023D6 /* Pods-MealPrepr.release.xcconfig */ = {isa = PBXFileReference; includeInIndex = 1; lastKnownFileType = text.xcconfig; name = "Pods-MealPrepr.release.xcconfig"; path = "Pods/Target Support Files/Pods-MealPrepr/Pods-MealPrepr.release.xcconfig"; sourceTree = "<group>"; };
		FE61847F584742A118B69AEF /* Pods-MealPreprTests.debug.xcconfig */ = {isa = PBXFileReference; includeInIndex = 1; lastKnownFileType = text.xcconfig; name = "Pods-MealPreprTests.debug.xcconfig"; path = "Pods/Target Support Files/Pods-MealPreprTests/Pods-MealPreprTests.debug.xcconfig"; sourceTree = "<group>"; };
/* End PBXFileReference section */

/* Begin PBXFrameworksBuildPhase section */
		310D30CE21B74DE200D0E079 /* Frameworks */ = {
			isa = PBXFrameworksBuildPhase;
			buildActionMask = 2147483647;
			files = (
				4B29C891FBA5ADE1D7FBF6BD /* Pods_MealPrepr.framework in Frameworks */,
			);
			runOnlyForDeploymentPostprocessing = 0;
		};
		310D30E521B74DE300D0E079 /* Frameworks */ = {
			isa = PBXFrameworksBuildPhase;
			buildActionMask = 2147483647;
			files = (
				FF5B7C81D5B545A2F2BE0E7E /* Pods_MealPreprTests.framework in Frameworks */,
			);
			runOnlyForDeploymentPostprocessing = 0;
		};
/* End PBXFrameworksBuildPhase section */

/* Begin PBXGroup section */
		07664B3A7C48F71EFE1277FE /* Frameworks */ = {
			isa = PBXGroup;
			children = (
				4500E2A716BEF8E51C4B45AC /* Pods_MealPrepr.framework */,
				C8006E7BC70F749F252CD1ED /* Pods_MealPreprTests.framework */,
			);
			name = Frameworks;
			sourceTree = "<group>";
		};
		310D026021C080E100EA8BA0 /* Base */ = {
			isa = PBXGroup;
			children = (
				312F5A2F21BC417A0017B534 /* MPTabBarController.swift */,
				312F5A3321BC41A90017B534 /* MPViewController.swift */,
				312F5A3121BC41980017B534 /* MPNavigationController.swift */,
				312F5A2521BA2A6E0017B534 /* MPAlertController.swift */,
				310D310121B772E800D0E079 /* MPTextField.swift */,
				3171CAED21BCCF3E0026CC18 /* MPCollectionView.swift */,
				31B9573021EA479C00D15CCD /* MPCreateRecipeChildController.swift */,
			);
			path = Base;
			sourceTree = "<group>";
		};
		310D026121C0810600EA8BA0 /* Create Recipe */ = {
			isa = PBXGroup;
			children = (
				31DD2FE121D7DE8800AE8974 /* Protocols */,
				310D026D21C0966700EA8BA0 /* Models */,
				310D026C21C08C6300EA8BA0 /* Alerts */,
				310D026721C081F800EA8BA0 /* Cells */,
				3171CAEF21BF562B0026CC18 /* CreateRecipe.swift */,
				310D026521C0817000EA8BA0 /* Ingredients.swift */,
				310D027221C0B2A200EA8BA0 /* Utensils.swift */,
				310D027821C1FB2A00EA8BA0 /* Photos.swift */,
				310D028021C3302300EA8BA0 /* Instructions.swift */,
			);
			path = "Create Recipe";
			sourceTree = "<group>";
		};
		310D026221C0811C00EA8BA0 /* Navigation */ = {
			isa = PBXGroup;
			children = (
				312F5A2B21BC36010017B534 /* HomeNavigationController.swift */,
				312F5A3521BC447D0017B534 /* AdminNavigationViewController.swift */,
				31611AE721FD786F00789B2F /* CategoriesNavigationController.swift */,
			);
			path = Navigation;
			sourceTree = "<group>";
		};
		310D026321C0813400EA8BA0 /* Tabs */ = {
			isa = PBXGroup;
			children = (
				312F5A2D21BC36180017B534 /* HomeTabBarController.swift */,
			);
			path = Tabs;
			sourceTree = "<group>";
		};
		310D026421C0814300EA8BA0 /* Admin */ = {
			isa = PBXGroup;
			children = (
				312F5A3921BC511F0017B534 /* Admin.swift */,
			);
			path = Admin;
			sourceTree = "<group>";
		};
		310D026721C081F800EA8BA0 /* Cells */ = {
			isa = PBXGroup;
			children = (
				310D026821C0821C00EA8BA0 /* IngredientCell.swift */,
				310D027021C0B0DD00EA8BA0 /* UtensilCell.swift */,
				310D027A21C1FEFE00EA8BA0 /* PhotoCell.swift */,
				310D027C21C32F0F00EA8BA0 /* InstructionCell.swift */,
				310D027E21C32F3100EA8BA0 /* InstructionIngredientCell.swift */,
			);
			path = Cells;
			sourceTree = "<group>";
		};
		310D026C21C08C6300EA8BA0 /* Alerts */ = {
			isa = PBXGroup;
			children = (
				310D026A21C08C5400EA8BA0 /* IngredientAlert.swift */,
				310D027421C0B4DF00EA8BA0 /* UtensilAlert.swift */,
				310D028221C34A3B00EA8BA0 /* InstructionAlert.swift */,
			);
			path = Alerts;
			sourceTree = "<group>";
		};
		310D026D21C0966700EA8BA0 /* Models */ = {
			isa = PBXGroup;
			children = (
				310D026E21C0967800EA8BA0 /* Ingredient.swift */,
				310D028621D1A0D700EA8BA0 /* Instruction.swift */,
				31DD2FE621DADA0A00AE8974 /* Recipe.swift */,
				31B9572C21E6FBF000D15CCD /* Utensil.swift */,
			);
			path = Models;
			sourceTree = "<group>";
		};
		310D30C821B74DE200D0E079 = {
			isa = PBXGroup;
			children = (
				310D30D321B74DE200D0E079 /* MealPrepr */,
				310D30EB21B74DE300D0E079 /* MealPreprTests */,
				310D30D221B74DE200D0E079 /* Products */,
				D11251EEC4CBDB7E84DB4A81 /* Pods */,
				07664B3A7C48F71EFE1277FE /* Frameworks */,
			);
			sourceTree = "<group>";
		};
		310D30D221B74DE200D0E079 /* Products */ = {
			isa = PBXGroup;
			children = (
				310D30D121B74DE200D0E079 /* MealPrepr.app */,
				310D30E821B74DE300D0E079 /* MealPreprTests.xctest */,
			);
			name = Products;
			sourceTree = "<group>";
		};
		310D30D321B74DE200D0E079 /* MealPrepr */ = {
			isa = PBXGroup;
			children = (
				3188551B22062B0400BA6A93 /* Storyboard */,
				3193138C21EC14F500DBF55B /* Extensions */,
				3171CAEC21BCCDCC0026CC18 /* Cells */,
				31D8093F21B8C61E00555CBE /* Fonts */,
				31D8093C21B8BEB300555CBE /* Protocols */,
				310D30FC21B75C8600D0E079 /* ViewControllers */,
				310D30F921B74FDF00D0E079 /* Classes */,
				310D30D421B74DE200D0E079 /* AppDelegate.swift */,
				310D30DE21B74DE300D0E079 /* Assets.xcassets */,
				310D30E021B74DE300D0E079 /* LaunchScreen.storyboard */,
				310D30E321B74DE300D0E079 /* Info.plist */,
				310D30DB21B74DE300D0E079 /* MealPrepr.xcdatamodeld */,
				310D30FA21B757E000D0E079 /* GoogleService-Info.plist */,
			);
			path = MealPrepr;
			sourceTree = "<group>";
		};
		310D30EB21B74DE300D0E079 /* MealPreprTests */ = {
			isa = PBXGroup;
			children = (
				310D30EC21B74DE300D0E079 /* MealPreprTests.swift */,
				310D30EE21B74DE300D0E079 /* Info.plist */,
			);
			path = MealPreprTests;
			sourceTree = "<group>";
		};
		310D30F921B74FDF00D0E079 /* Classes */ = {
			isa = PBXGroup;
			children = (
				310D30F721B74FD900D0E079 /* RoundedUIView.swift */,
				310D30FD21B7618A00D0E079 /* ValidationHelper.swift */,
				310D30FF21B7620500D0E079 /* ErrorHelper.swift */,
				312F5A2721BB47E20017B534 /* FirebaseHelper.swift */,
				312F5A2921BB4ED60017B534 /* Account.swift */,
				310D027621C1F29B00EA8BA0 /* ImageHelper.swift */,
				31DD2FE421D7EDC800AE8974 /* RecipeHelper.swift */,
				3188552E2206795100BA6A93 /* Reachability.swift */,
				318855302206AE0F00BA6A93 /* ConnectionErrorView.swift */,
			);
			path = Classes;
			sourceTree = "<group>";
		};
		310D30FC21B75C8600D0E079 /* ViewControllers */ = {
			isa = PBXGroup;
			children = (
				31FAEAE821EEC464004D006E /* Cells */,
				3193139121ED680C00DBF55B /* Alerts */,
				310D026421C0814300EA8BA0 /* Admin */,
				310D026321C0813400EA8BA0 /* Tabs */,
				310D026221C0811C00EA8BA0 /* Navigation */,
				310D026121C0810600EA8BA0 /* Create Recipe */,
				310D026021C080E100EA8BA0 /* Base */,
				310D30D621B74DE200D0E079 /* Login.swift */,
				31CA29FB21B9F4E500C8BF35 /* SignUp.swift */,
				312F5A3721BC51120017B534 /* Home.swift */,
				31B9572621E120AC00D15CCD /* Loading.swift */,
				31B9572A21E2755D00D15CCD /* RecipeDetails.swift */,
				3193138F21ED66A600DBF55B /* Categories.swift */,
				313088B3220126FE0088AA5B /* Settings.swift */,
				3188552A220635A900BA6A93 /* Weekplan.swift */,
			);
			path = ViewControllers;
			sourceTree = "<group>";
		};
		3171CAEC21BCCDCC0026CC18 /* Cells */ = {
			isa = PBXGroup;
			children = (
				3171CAEA21BCC4400026CC18 /* HomeRecipesCell.swift */,
			);
			path = Cells;
			sourceTree = "<group>";
		};
		3188551B22062B0400BA6A93 /* Storyboard */ = {
			isa = PBXGroup;
			children = (
				3188552622062D3F00BA6A93 /* RecipeDetails.storyboard */,
				3188552422062CBD00BA6A93 /* CreateRecipe.storyboard */,
				3188552222062C2B00BA6A93 /* Home.storyboard */,
				3188552022062BE900BA6A93 /* Categories.storyboard */,
				3188551E22062BAA00BA6A93 /* Settings.storyboard */,
				3188551C22062B6100BA6A93 /* Weekplan.storyboard */,
				310D30D821B74DE200D0E079 /* Main.storyboard */,
			);
			path = Storyboard;
			sourceTree = "<group>";
		};
		3193138C21EC14F500DBF55B /* Extensions */ = {
			isa = PBXGroup;
			children = (
				3193138D21EC150800DBF55B /* DateExtensions.swift */,
			);
			path = Extensions;
			sourceTree = "<group>";
		};
		3193139121ED680C00DBF55B /* Alerts */ = {
			isa = PBXGroup;
			children = (
				3193139221ED682700DBF55B /* CategoryAlert.swift */,
				31FAEAE921EEC5BF004D006E /* CategorySelector.swift */,
				31611AE521FD64EB00789B2F /* UsernameAlert.swift */,
				313088B5220291F30088AA5B /* ChangeAccountInfoAlert.swift */,
			);
			path = Alerts;
			sourceTree = "<group>";
		};
		31D8093C21B8BEB300555CBE /* Protocols */ = {
			isa = PBXGroup;
			children = (
				31D8093D21B8BECB00555CBE /* MPTextFieldDelegate.swift */,
				318DCF6421F7F28300BE33D1 /* CategorySelectorDelegate.swift */,
				3132F9BA21FD15CC00D02EDE /* AlertDelegate.swift */,
				313088B121FFDEBF0088AA5B /* RecipeDetailsDelegate.swift */,
				318855322206AFF200BA6A93 /* ConnectionErrorViewDelegate.swift */,
			);
			path = Protocols;
			sourceTree = "<group>";
		};
		31D8093F21B8C61E00555CBE /* Fonts */ = {
			isa = PBXGroup;
			children = (
				31D8094021B8C63700555CBE /* Phosphate.ttc */,
				31D8094221B8C81E00555CBE /* Nadeem.ttc */,
			);
			path = Fonts;
			sourceTree = "<group>";
		};
		31DD2FE121D7DE8800AE8974 /* Protocols */ = {
			isa = PBXGroup;
			children = (
				31DD2FE221D7DEAD00AE8974 /* InstructionCellDelegate.swift */,
				31B9572421E0789D00D15CCD /* RecipeDelegate.swift */,
				31B9572821E1351A00D15CCD /* PhotoCellDelegate.swift */,
				31B9572E21E6FEBC00D15CCD /* UtensilDelegate.swift */,
			);
			path = Protocols;
			sourceTree = "<group>";
		};
		31FAEAE821EEC464004D006E /* Cells */ = {
			isa = PBXGroup;
			children = (
				31FAEAE621EEC459004D006E /* CategoryCell.swift */,
				3188552C22063CF100BA6A93 /* WeekplanRecipeCell.swift */,
			);
			path = Cells;
			sourceTree = "<group>";
		};
		D11251EEC4CBDB7E84DB4A81 /* Pods */ = {
			isa = PBXGroup;
			children = (
				1B15E1F370FDDA838579A52F /* Pods-MealPrepr.debug.xcconfig */,
				F1AC254A2FA23E902C5023D6 /* Pods-MealPrepr.release.xcconfig */,
				FE61847F584742A118B69AEF /* Pods-MealPreprTests.debug.xcconfig */,
				4673EC337F19E9FD24459B69 /* Pods-MealPreprTests.release.xcconfig */,
			);
			name = Pods;
			sourceTree = "<group>";
		};
/* End PBXGroup section */

/* Begin PBXNativeTarget section */
		310D30D021B74DE200D0E079 /* MealPrepr */ = {
			isa = PBXNativeTarget;
			buildConfigurationList = 310D30F121B74DE300D0E079 /* Build configuration list for PBXNativeTarget "MealPrepr" */;
			buildPhases = (
				EDCF175DA388F7B9657E9306 /* [CP] Check Pods Manifest.lock */,
				310D30CD21B74DE200D0E079 /* Sources */,
				310D30CE21B74DE200D0E079 /* Frameworks */,
				310D30CF21B74DE200D0E079 /* Resources */,
				DD1CCE38502CA654E152317F /* [CP] Embed Pods Frameworks */,
			);
			buildRules = (
			);
			dependencies = (
			);
			name = MealPrepr;
			productName = MealPrepr;
			productReference = 310D30D121B74DE200D0E079 /* MealPrepr.app */;
			productType = "com.apple.product-type.application";
		};
		310D30E721B74DE300D0E079 /* MealPreprTests */ = {
			isa = PBXNativeTarget;
			buildConfigurationList = 310D30F421B74DE300D0E079 /* Build configuration list for PBXNativeTarget "MealPreprTests" */;
			buildPhases = (
				2E0083FEFC490ADEDCEED983 /* [CP] Check Pods Manifest.lock */,
				310D30E421B74DE300D0E079 /* Sources */,
				310D30E521B74DE300D0E079 /* Frameworks */,
				310D30E621B74DE300D0E079 /* Resources */,
			);
			buildRules = (
			);
			dependencies = (
				310D30EA21B74DE300D0E079 /* PBXTargetDependency */,
			);
			name = MealPreprTests;
			productName = MealPreprTests;
			productReference = 310D30E821B74DE300D0E079 /* MealPreprTests.xctest */;
			productType = "com.apple.product-type.bundle.unit-test";
		};
/* End PBXNativeTarget section */

/* Begin PBXProject section */
		310D30C921B74DE200D0E079 /* Project object */ = {
			isa = PBXProject;
			attributes = {
				LastSwiftUpdateCheck = 0940;
				LastUpgradeCheck = 0940;
				ORGANIZATIONNAME = "Andrew Daniels";
				TargetAttributes = {
					310D30D021B74DE200D0E079 = {
						CreatedOnToolsVersion = 9.4.1;
						LastSwiftMigration = 1010;
					};
					310D30E721B74DE300D0E079 = {
						CreatedOnToolsVersion = 9.4.1;
						LastSwiftMigration = 1010;
						TestTargetID = 310D30D021B74DE200D0E079;
					};
				};
			};
			buildConfigurationList = 310D30CC21B74DE200D0E079 /* Build configuration list for PBXProject "MealPrepr" */;
			compatibilityVersion = "Xcode 9.3";
			developmentRegion = en;
			hasScannedForEncodings = 0;
			knownRegions = (
				en,
				Base,
			);
			mainGroup = 310D30C821B74DE200D0E079;
			productRefGroup = 310D30D221B74DE200D0E079 /* Products */;
			projectDirPath = "";
			projectRoot = "";
			targets = (
				310D30D021B74DE200D0E079 /* MealPrepr */,
				310D30E721B74DE300D0E079 /* MealPreprTests */,
			);
		};
/* End PBXProject section */

/* Begin PBXResourcesBuildPhase section */
		310D30CF21B74DE200D0E079 /* Resources */ = {
			isa = PBXResourcesBuildPhase;
			buildActionMask = 2147483647;
			files = (
				31D8094121B8C63700555CBE /* Phosphate.ttc in Resources */,
				3188552322062C2B00BA6A93 /* Home.storyboard in Resources */,
				310D30E221B74DE300D0E079 /* LaunchScreen.storyboard in Resources */,
				3188552522062CBD00BA6A93 /* CreateRecipe.storyboard in Resources */,
				310D30DF21B74DE300D0E079 /* Assets.xcassets in Resources */,
				3188551F22062BAA00BA6A93 /* Settings.storyboard in Resources */,
				3188552122062BE900BA6A93 /* Categories.storyboard in Resources */,
				31D8094321B8C81E00555CBE /* Nadeem.ttc in Resources */,
				310D30DA21B74DE200D0E079 /* Main.storyboard in Resources */,
				3188552722062D3F00BA6A93 /* RecipeDetails.storyboard in Resources */,
				3188551D22062B6100BA6A93 /* Weekplan.storyboard in Resources */,
				310D30FB21B757E000D0E079 /* GoogleService-Info.plist in Resources */,
			);
			runOnlyForDeploymentPostprocessing = 0;
		};
		310D30E621B74DE300D0E079 /* Resources */ = {
			isa = PBXResourcesBuildPhase;
			buildActionMask = 2147483647;
			files = (
			);
			runOnlyForDeploymentPostprocessing = 0;
		};
/* End PBXResourcesBuildPhase section */

/* Begin PBXShellScriptBuildPhase section */
		2E0083FEFC490ADEDCEED983 /* [CP] Check Pods Manifest.lock */ = {
			isa = PBXShellScriptBuildPhase;
			buildActionMask = 2147483647;
			files = (
			);
			inputPaths = (
				"${PODS_PODFILE_DIR_PATH}/Podfile.lock",
				"${PODS_ROOT}/Manifest.lock",
			);
			name = "[CP] Check Pods Manifest.lock";
			outputPaths = (
				"$(DERIVED_FILE_DIR)/Pods-MealPreprTests-checkManifestLockResult.txt",
			);
			runOnlyForDeploymentPostprocessing = 0;
			shellPath = /bin/sh;
			shellScript = "diff \"${PODS_PODFILE_DIR_PATH}/Podfile.lock\" \"${PODS_ROOT}/Manifest.lock\" > /dev/null\nif [ $? != 0 ] ; then\n    # print error to STDERR\n    echo \"error: The sandbox is not in sync with the Podfile.lock. Run 'pod install' or update your CocoaPods installation.\" >&2\n    exit 1\nfi\n# This output is used by Xcode 'outputs' to avoid re-running this script phase.\necho \"SUCCESS\" > \"${SCRIPT_OUTPUT_FILE_0}\"\n";
			showEnvVarsInLog = 0;
		};
		DD1CCE38502CA654E152317F /* [CP] Embed Pods Frameworks */ = {
			isa = PBXShellScriptBuildPhase;
			buildActionMask = 2147483647;
			files = (
			);
			inputPaths = (
				"${SRCROOT}/Pods/Target Support Files/Pods-MealPrepr/Pods-MealPrepr-frameworks.sh",
				"${BUILT_PRODUCTS_DIR}/Bolts/Bolts.framework",
				"${BUILT_PRODUCTS_DIR}/FBSDKCoreKit/FBSDKCoreKit.framework",
				"${BUILT_PRODUCTS_DIR}/FBSDKLoginKit/FBSDKLoginKit.framework",
				"${BUILT_PRODUCTS_DIR}/GTMSessionFetcher/GTMSessionFetcher.framework",
				"${BUILT_PRODUCTS_DIR}/GoogleToolboxForMac/GoogleToolboxForMac.framework",
				"${BUILT_PRODUCTS_DIR}/leveldb-library/leveldb.framework",
				"${BUILT_PRODUCTS_DIR}/nanopb/nanopb.framework",
			);
			name = "[CP] Embed Pods Frameworks";
			outputPaths = (
				"${TARGET_BUILD_DIR}/${FRAMEWORKS_FOLDER_PATH}/Bolts.framework",
				"${TARGET_BUILD_DIR}/${FRAMEWORKS_FOLDER_PATH}/FBSDKCoreKit.framework",
				"${TARGET_BUILD_DIR}/${FRAMEWORKS_FOLDER_PATH}/FBSDKLoginKit.framework",
				"${TARGET_BUILD_DIR}/${FRAMEWORKS_FOLDER_PATH}/GTMSessionFetcher.framework",
				"${TARGET_BUILD_DIR}/${FRAMEWORKS_FOLDER_PATH}/GoogleToolboxForMac.framework",
				"${TARGET_BUILD_DIR}/${FRAMEWORKS_FOLDER_PATH}/leveldb.framework",
				"${TARGET_BUILD_DIR}/${FRAMEWORKS_FOLDER_PATH}/nanopb.framework",
			);
			runOnlyForDeploymentPostprocessing = 0;
			shellPath = /bin/sh;
			shellScript = "\"${SRCROOT}/Pods/Target Support Files/Pods-MealPrepr/Pods-MealPrepr-frameworks.sh\"\n";
			showEnvVarsInLog = 0;
		};
		EDCF175DA388F7B9657E9306 /* [CP] Check Pods Manifest.lock */ = {
			isa = PBXShellScriptBuildPhase;
			buildActionMask = 2147483647;
			files = (
			);
			inputPaths = (
				"${PODS_PODFILE_DIR_PATH}/Podfile.lock",
				"${PODS_ROOT}/Manifest.lock",
			);
			name = "[CP] Check Pods Manifest.lock";
			outputPaths = (
				"$(DERIVED_FILE_DIR)/Pods-MealPrepr-checkManifestLockResult.txt",
			);
			runOnlyForDeploymentPostprocessing = 0;
			shellPath = /bin/sh;
			shellScript = "diff \"${PODS_PODFILE_DIR_PATH}/Podfile.lock\" \"${PODS_ROOT}/Manifest.lock\" > /dev/null\nif [ $? != 0 ] ; then\n    # print error to STDERR\n    echo \"error: The sandbox is not in sync with the Podfile.lock. Run 'pod install' or update your CocoaPods installation.\" >&2\n    exit 1\nfi\n# This output is used by Xcode 'outputs' to avoid re-running this script phase.\necho \"SUCCESS\" > \"${SCRIPT_OUTPUT_FILE_0}\"\n";
			showEnvVarsInLog = 0;
		};
/* End PBXShellScriptBuildPhase section */

/* Begin PBXSourcesBuildPhase section */
		310D30CD21B74DE200D0E079 /* Sources */ = {
			isa = PBXSourcesBuildPhase;
			buildActionMask = 2147483647;
			files = (
				3193138E21EC150800DBF55B /* DateExtensions.swift in Sources */,
				31B9573121EA479C00D15CCD /* MPCreateRecipeChildController.swift in Sources */,
				310D30FE21B7618A00D0E079 /* ValidationHelper.swift in Sources */,
				310D30F821B74FD900D0E079 /* RoundedUIView.swift in Sources */,
				310D027321C0B2A200EA8BA0 /* Utensils.swift in Sources */,
				310D027F21C32F3100EA8BA0 /* InstructionIngredientCell.swift in Sources */,
				318855332206AFF200BA6A93 /* ConnectionErrorViewDelegate.swift in Sources */,
				31B9572521E0789D00D15CCD /* RecipeDelegate.swift in Sources */,
				312F5A3621BC447D0017B534 /* AdminNavigationViewController.swift in Sources */,
				31B9572721E120AC00D15CCD /* Loading.swift in Sources */,
				313088B221FFDEBF0088AA5B /* RecipeDetailsDelegate.swift in Sources */,
				310D027921C1FB2A00EA8BA0 /* Photos.swift in Sources */,
				312F5A3A21BC511F0017B534 /* Admin.swift in Sources */,
				312F5A2E21BC36180017B534 /* HomeTabBarController.swift in Sources */,
				310D028721D1A0D700EA8BA0 /* Instruction.swift in Sources */,
				3188552F2206795100BA6A93 /* Reachability.swift in Sources */,
				31DD2FE721DADA0A00AE8974 /* Recipe.swift in Sources */,
				31DD2FE321D7DEAD00AE8974 /* InstructionCellDelegate.swift in Sources */,
				3171CAF021BF562B0026CC18 /* CreateRecipe.swift in Sources */,
				310D30D721B74DE200D0E079 /* Login.swift in Sources */,
				310D028121C3302300EA8BA0 /* Instructions.swift in Sources */,
				31DD2FE521D7EDC800AE8974 /* RecipeHelper.swift in Sources */,
				310D30DD21B74DE300D0E079 /* MealPrepr.xcdatamodeld in Sources */,
				312F5A2C21BC36010017B534 /* HomeNavigationController.swift in Sources */,
				310D026B21C08C5400EA8BA0 /* IngredientAlert.swift in Sources */,
				31611AE621FD64EB00789B2F /* UsernameAlert.swift in Sources */,
				3188552D22063CF100BA6A93 /* WeekplanRecipeCell.swift in Sources */,
				310D310021B7620500D0E079 /* ErrorHelper.swift in Sources */,
				312F5A2A21BB4ED60017B534 /* Account.swift in Sources */,
				310D026921C0821C00EA8BA0 /* IngredientCell.swift in Sources */,
				318DCF6521F7F28300BE33D1 /* CategorySelectorDelegate.swift in Sources */,
				312F5A3821BC51120017B534 /* Home.swift in Sources */,
				310D027D21C32F0F00EA8BA0 /* InstructionCell.swift in Sources */,
				313088B4220126FE0088AA5B /* Settings.swift in Sources */,
				312F5A3221BC41980017B534 /* MPNavigationController.swift in Sources */,
				31FAEAEA21EEC5BF004D006E /* CategorySelector.swift in Sources */,
				312F5A3021BC417A0017B534 /* MPTabBarController.swift in Sources */,
				31B9572921E1351A00D15CCD /* PhotoCellDelegate.swift in Sources */,
				310D027121C0B0DD00EA8BA0 /* UtensilCell.swift in Sources */,
				310D026F21C0967800EA8BA0 /* Ingredient.swift in Sources */,
				3171CAEB21BCC4400026CC18 /* HomeRecipesCell.swift in Sources */,
				3188552B220635A900BA6A93 /* Weekplan.swift in Sources */,
				318855312206AE0F00BA6A93 /* ConnectionErrorView.swift in Sources */,
				3193139021ED66A600DBF55B /* Categories.swift in Sources */,
				31D8093E21B8BECB00555CBE /* MPTextFieldDelegate.swift in Sources */,
				310D028321C34A3B00EA8BA0 /* InstructionAlert.swift in Sources */,
				31B9572B21E2755D00D15CCD /* RecipeDetails.swift in Sources */,
				313088B6220291F30088AA5B /* ChangeAccountInfoAlert.swift in Sources */,
				310D026621C0817000EA8BA0 /* Ingredients.swift in Sources */,
				310D30D521B74DE200D0E079 /* AppDelegate.swift in Sources */,
				31FAEAE721EEC459004D006E /* CategoryCell.swift in Sources */,
				312F5A3421BC41A90017B534 /* MPViewController.swift in Sources */,
				312F5A2621BA2A6E0017B534 /* MPAlertController.swift in Sources */,
				31CA29FC21B9F4E500C8BF35 /* SignUp.swift in Sources */,
				310D027721C1F29B00EA8BA0 /* ImageHelper.swift in Sources */,
				312F5A2821BB47E20017B534 /* FirebaseHelper.swift in Sources */,
				310D027521C0B4DF00EA8BA0 /* UtensilAlert.swift in Sources */,
				3132F9BB21FD15CC00D02EDE /* AlertDelegate.swift in Sources */,
				31B9572D21E6FBF000D15CCD /* Utensil.swift in Sources */,
				31611AE821FD786F00789B2F /* CategoriesNavigationController.swift in Sources */,
				310D310221B772E800D0E079 /* MPTextField.swift in Sources */,
				3193139321ED682700DBF55B /* CategoryAlert.swift in Sources */,
				31B9572F21E6FEBC00D15CCD /* UtensilDelegate.swift in Sources */,
				310D027B21C1FEFE00EA8BA0 /* PhotoCell.swift in Sources */,
				3171CAEE21BCCF3E0026CC18 /* MPCollectionView.swift in Sources */,
			);
			runOnlyForDeploymentPostprocessing = 0;
		};
		310D30E421B74DE300D0E079 /* Sources */ = {
			isa = PBXSourcesBuildPhase;
			buildActionMask = 2147483647;
			files = (
				310D30ED21B74DE300D0E079 /* MealPreprTests.swift in Sources */,
			);
			runOnlyForDeploymentPostprocessing = 0;
		};
/* End PBXSourcesBuildPhase section */

/* Begin PBXTargetDependency section */
		310D30EA21B74DE300D0E079 /* PBXTargetDependency */ = {
			isa = PBXTargetDependency;
			target = 310D30D021B74DE200D0E079 /* MealPrepr */;
			targetProxy = 310D30E921B74DE300D0E079 /* PBXContainerItemProxy */;
		};
/* End PBXTargetDependency section */

/* Begin PBXVariantGroup section */
		310D30D821B74DE200D0E079 /* Main.storyboard */ = {
			isa = PBXVariantGroup;
			children = (
				310D30D921B74DE200D0E079 /* Base */,
			);
			name = Main.storyboard;
			sourceTree = "<group>";
		};
		310D30E021B74DE300D0E079 /* LaunchScreen.storyboard */ = {
			isa = PBXVariantGroup;
			children = (
				310D30E121B74DE300D0E079 /* Base */,
			);
			name = LaunchScreen.storyboard;
			sourceTree = "<group>";
		};
/* End PBXVariantGroup section */

/* Begin XCBuildConfiguration section */
		310D30EF21B74DE300D0E079 /* Debug */ = {
			isa = XCBuildConfiguration;
			buildSettings = {
				ALWAYS_SEARCH_USER_PATHS = NO;
				CLANG_ANALYZER_NONNULL = YES;
				CLANG_ANALYZER_NUMBER_OBJECT_CONVERSION = YES_AGGRESSIVE;
				CLANG_CXX_LANGUAGE_STANDARD = "gnu++14";
				CLANG_CXX_LIBRARY = "libc++";
				CLANG_ENABLE_MODULES = YES;
				CLANG_ENABLE_OBJC_ARC = YES;
				CLANG_ENABLE_OBJC_WEAK = YES;
				CLANG_WARN_BLOCK_CAPTURE_AUTORELEASING = YES;
				CLANG_WARN_BOOL_CONVERSION = YES;
				CLANG_WARN_COMMA = YES;
				CLANG_WARN_CONSTANT_CONVERSION = YES;
				CLANG_WARN_DEPRECATED_OBJC_IMPLEMENTATIONS = YES;
				CLANG_WARN_DIRECT_OBJC_ISA_USAGE = YES_ERROR;
				CLANG_WARN_DOCUMENTATION_COMMENTS = YES;
				CLANG_WARN_EMPTY_BODY = YES;
				CLANG_WARN_ENUM_CONVERSION = YES;
				CLANG_WARN_INFINITE_RECURSION = YES;
				CLANG_WARN_INT_CONVERSION = YES;
				CLANG_WARN_NON_LITERAL_NULL_CONVERSION = YES;
				CLANG_WARN_OBJC_IMPLICIT_RETAIN_SELF = YES;
				CLANG_WARN_OBJC_LITERAL_CONVERSION = YES;
				CLANG_WARN_OBJC_ROOT_CLASS = YES_ERROR;
				CLANG_WARN_RANGE_LOOP_ANALYSIS = YES;
				CLANG_WARN_STRICT_PROTOTYPES = YES;
				CLANG_WARN_SUSPICIOUS_MOVE = YES;
				CLANG_WARN_UNGUARDED_AVAILABILITY = YES_AGGRESSIVE;
				CLANG_WARN_UNREACHABLE_CODE = YES;
				CLANG_WARN__DUPLICATE_METHOD_MATCH = YES;
				CODE_SIGN_IDENTITY = "iPhone Developer";
				COPY_PHASE_STRIP = NO;
				DEBUG_INFORMATION_FORMAT = dwarf;
				ENABLE_STRICT_OBJC_MSGSEND = YES;
				ENABLE_TESTABILITY = YES;
				GCC_C_LANGUAGE_STANDARD = gnu11;
				GCC_DYNAMIC_NO_PIC = NO;
				GCC_NO_COMMON_BLOCKS = YES;
				GCC_OPTIMIZATION_LEVEL = 0;
				GCC_PREPROCESSOR_DEFINITIONS = (
					"DEBUG=1",
					"$(inherited)",
				);
				GCC_WARN_64_TO_32_BIT_CONVERSION = YES;
				GCC_WARN_ABOUT_RETURN_TYPE = YES_ERROR;
				GCC_WARN_UNDECLARED_SELECTOR = YES;
				GCC_WARN_UNINITIALIZED_AUTOS = YES_AGGRESSIVE;
				GCC_WARN_UNUSED_FUNCTION = YES;
				GCC_WARN_UNUSED_VARIABLE = YES;
				IPHONEOS_DEPLOYMENT_TARGET = 11.4;
				MTL_ENABLE_DEBUG_INFO = YES;
				ONLY_ACTIVE_ARCH = YES;
				SDKROOT = iphoneos;
				SWIFT_ACTIVE_COMPILATION_CONDITIONS = DEBUG;
				SWIFT_OPTIMIZATION_LEVEL = "-Onone";
			};
			name = Debug;
		};
		310D30F021B74DE300D0E079 /* Release */ = {
			isa = XCBuildConfiguration;
			buildSettings = {
				ALWAYS_SEARCH_USER_PATHS = NO;
				CLANG_ANALYZER_NONNULL = YES;
				CLANG_ANALYZER_NUMBER_OBJECT_CONVERSION = YES_AGGRESSIVE;
				CLANG_CXX_LANGUAGE_STANDARD = "gnu++14";
				CLANG_CXX_LIBRARY = "libc++";
				CLANG_ENABLE_MODULES = YES;
				CLANG_ENABLE_OBJC_ARC = YES;
				CLANG_ENABLE_OBJC_WEAK = YES;
				CLANG_WARN_BLOCK_CAPTURE_AUTORELEASING = YES;
				CLANG_WARN_BOOL_CONVERSION = YES;
				CLANG_WARN_COMMA = YES;
				CLANG_WARN_CONSTANT_CONVERSION = YES;
				CLANG_WARN_DEPRECATED_OBJC_IMPLEMENTATIONS = YES;
				CLANG_WARN_DIRECT_OBJC_ISA_USAGE = YES_ERROR;
				CLANG_WARN_DOCUMENTATION_COMMENTS = YES;
				CLANG_WARN_EMPTY_BODY = YES;
				CLANG_WARN_ENUM_CONVERSION = YES;
				CLANG_WARN_INFINITE_RECURSION = YES;
				CLANG_WARN_INT_CONVERSION = YES;
				CLANG_WARN_NON_LITERAL_NULL_CONVERSION = YES;
				CLANG_WARN_OBJC_IMPLICIT_RETAIN_SELF = YES;
				CLANG_WARN_OBJC_LITERAL_CONVERSION = YES;
				CLANG_WARN_OBJC_ROOT_CLASS = YES_ERROR;
				CLANG_WARN_RANGE_LOOP_ANALYSIS = YES;
				CLANG_WARN_STRICT_PROTOTYPES = YES;
				CLANG_WARN_SUSPICIOUS_MOVE = YES;
				CLANG_WARN_UNGUARDED_AVAILABILITY = YES_AGGRESSIVE;
				CLANG_WARN_UNREACHABLE_CODE = YES;
				CLANG_WARN__DUPLICATE_METHOD_MATCH = YES;
				CODE_SIGN_IDENTITY = "iPhone Developer";
				COPY_PHASE_STRIP = NO;
				DEBUG_INFORMATION_FORMAT = "dwarf-with-dsym";
				ENABLE_NS_ASSERTIONS = NO;
				ENABLE_STRICT_OBJC_MSGSEND = YES;
				GCC_C_LANGUAGE_STANDARD = gnu11;
				GCC_NO_COMMON_BLOCKS = YES;
				GCC_WARN_64_TO_32_BIT_CONVERSION = YES;
				GCC_WARN_ABOUT_RETURN_TYPE = YES_ERROR;
				GCC_WARN_UNDECLARED_SELECTOR = YES;
				GCC_WARN_UNINITIALIZED_AUTOS = YES_AGGRESSIVE;
				GCC_WARN_UNUSED_FUNCTION = YES;
				GCC_WARN_UNUSED_VARIABLE = YES;
				IPHONEOS_DEPLOYMENT_TARGET = 11.4;
				MTL_ENABLE_DEBUG_INFO = NO;
				SDKROOT = iphoneos;
				SWIFT_COMPILATION_MODE = wholemodule;
				SWIFT_OPTIMIZATION_LEVEL = "-O";
				VALIDATE_PRODUCT = YES;
			};
			name = Release;
		};
		310D30F221B74DE300D0E079 /* Debug */ = {
			isa = XCBuildConfiguration;
			baseConfigurationReference = 1B15E1F370FDDA838579A52F /* Pods-MealPrepr.debug.xcconfig */;
			buildSettings = {
				ASSETCATALOG_COMPILER_APPICON_NAME = AppIcon;
				CODE_SIGN_STYLE = Automatic;
				DEVELOPMENT_TEAM = KVTV8YWRG7;
				INFOPLIST_FILE = MealPrepr/Info.plist;
				LD_RUNPATH_SEARCH_PATHS = (
					"$(inherited)",
					"@executable_path/Frameworks",
				);
				PRODUCT_BUNDLE_IDENTIFIER = com.example.MealPrepr;
				PRODUCT_NAME = "$(TARGET_NAME)";
				SWIFT_VERSION = 4.2;
				TARGETED_DEVICE_FAMILY = "1,2";
			};
			name = Debug;
		};
		310D30F321B74DE300D0E079 /* Release */ = {
			isa = XCBuildConfiguration;
			baseConfigurationReference = F1AC254A2FA23E902C5023D6 /* Pods-MealPrepr.release.xcconfig */;
			buildSettings = {
				ASSETCATALOG_COMPILER_APPICON_NAME = AppIcon;
				CODE_SIGN_STYLE = Automatic;
				DEVELOPMENT_TEAM = KVTV8YWRG7;
				INFOPLIST_FILE = MealPrepr/Info.plist;
				LD_RUNPATH_SEARCH_PATHS = (
					"$(inherited)",
					"@executable_path/Frameworks",
				);
				PRODUCT_BUNDLE_IDENTIFIER = com.example.MealPrepr;
				PRODUCT_NAME = "$(TARGET_NAME)";
				SWIFT_VERSION = 4.2;
				TARGETED_DEVICE_FAMILY = "1,2";
			};
			name = Release;
		};
		310D30F521B74DE300D0E079 /* Debug */ = {
			isa = XCBuildConfiguration;
			baseConfigurationReference = FE61847F584742A118B69AEF /* Pods-MealPreprTests.debug.xcconfig */;
			buildSettings = {
				ALWAYS_EMBED_SWIFT_STANDARD_LIBRARIES = YES;
				BUNDLE_LOADER = "$(TEST_HOST)";
				CODE_SIGN_STYLE = Automatic;
				INFOPLIST_FILE = MealPreprTests/Info.plist;
				LD_RUNPATH_SEARCH_PATHS = (
					"$(inherited)",
					"@executable_path/Frameworks",
					"@loader_path/Frameworks",
				);
				PRODUCT_BUNDLE_IDENTIFIER = com.example.MealPreprTests;
				PRODUCT_NAME = "$(TARGET_NAME)";
				SWIFT_VERSION = 4.2;
				TARGETED_DEVICE_FAMILY = "1,2";
				TEST_HOST = "$(BUILT_PRODUCTS_DIR)/MealPrepr.app/MealPrepr";
			};
			name = Debug;
		};
		310D30F621B74DE300D0E079 /* Release */ = {
			isa = XCBuildConfiguration;
			baseConfigurationReference = 4673EC337F19E9FD24459B69 /* Pods-MealPreprTests.release.xcconfig */;
			buildSettings = {
				ALWAYS_EMBED_SWIFT_STANDARD_LIBRARIES = YES;
				BUNDLE_LOADER = "$(TEST_HOST)";
				CODE_SIGN_STYLE = Automatic;
				INFOPLIST_FILE = MealPreprTests/Info.plist;
				LD_RUNPATH_SEARCH_PATHS = (
					"$(inherited)",
					"@executable_path/Frameworks",
					"@loader_path/Frameworks",
				);
				PRODUCT_BUNDLE_IDENTIFIER = com.example.MealPreprTests;
				PRODUCT_NAME = "$(TARGET_NAME)";
				SWIFT_VERSION = 4.2;
				TARGETED_DEVICE_FAMILY = "1,2";
				TEST_HOST = "$(BUILT_PRODUCTS_DIR)/MealPrepr.app/MealPrepr";
			};
			name = Release;
		};
/* End XCBuildConfiguration section */

/* Begin XCConfigurationList section */
		310D30CC21B74DE200D0E079 /* Build configuration list for PBXProject "MealPrepr" */ = {
			isa = XCConfigurationList;
			buildConfigurations = (
				310D30EF21B74DE300D0E079 /* Debug */,
				310D30F021B74DE300D0E079 /* Release */,
			);
			defaultConfigurationIsVisible = 0;
			defaultConfigurationName = Release;
		};
		310D30F121B74DE300D0E079 /* Build configuration list for PBXNativeTarget "MealPrepr" */ = {
			isa = XCConfigurationList;
			buildConfigurations = (
				310D30F221B74DE300D0E079 /* Debug */,
				310D30F321B74DE300D0E079 /* Release */,
			);
			defaultConfigurationIsVisible = 0;
			defaultConfigurationName = Release;
		};
		310D30F421B74DE300D0E079 /* Build configuration list for PBXNativeTarget "MealPreprTests" */ = {
			isa = XCConfigurationList;
			buildConfigurations = (
				310D30F521B74DE300D0E079 /* Debug */,
				310D30F621B74DE300D0E079 /* Release */,
			);
			defaultConfigurationIsVisible = 0;
			defaultConfigurationName = Release;
		};
/* End XCConfigurationList section */

/* Begin XCVersionGroup section */
		310D30DB21B74DE300D0E079 /* MealPrepr.xcdatamodeld */ = {
			isa = XCVersionGroup;
			children = (
				310D30DC21B74DE300D0E079 /* MealPrepr.xcdatamodel */,
			);
			currentVersion = 310D30DC21B74DE300D0E079 /* MealPrepr.xcdatamodel */;
			path = MealPrepr.xcdatamodeld;
			sourceTree = "<group>";
			versionGroupType = wrapper.xcdatamodel;
		};
/* End XCVersionGroup section */
	};
	rootObject = 310D30C921B74DE200D0E079 /* Project object */;
}
